{
  "name": "openfire-monitoring-plugin-e2e",
  "lockfileVersion": 3,
  "requires": true,
  "packages": {
    "": {
      "name": "openfire-monitoring-plugin-e2e",
      "dependencies": {
        "@xmpp/client": "^0.14.0",
        "@xmpp/xml": "^0.14.0"
      },
      "engines": {
        "node": ">=20"
      }
    },
    "node_modules/@xmpp/base64": {
      "version": "0.14.0",
      "resolved": "https://registry.npmjs.org/@xmpp/base64/-/base64-0.14.0.tgz",
      "integrity": "sha512-tz2LuzLMtjGSVVeuXDnDw19H+uOrqhrRFcQKJ3THV0HVjerDewT8WKXdrtBVSQ7n4Ue0k+awYcIE7qDD9rwMMQ==",
      "license": "ISC",
      "engines": {
        "node": ">= 20.10"
      }
    },
    "node_modules/@xmpp/client": {
      "version": "0.14.0",
      "resolved": "https://registry.npmjs.org/@xmpp/client/-/client-0.14.0.tgz",
      "integrity": "sha512-Y6k77iifYOGuWncOLRr6dVmbsQvcsIFjYI9pXhkSzQDDNnd3hVJGgo/Xx+W/0/o1+kg/tPm/NwX5Yq77NTd9xA==",
      "license": "ISC",
      "dependencies": {
        "@xmpp/client-core": "^0.14.0",
        "@xmpp/iq": "^0.14.0",
        "@xmpp/middleware": "^0.14.0",
        "@xmpp/reconnect": "^0.14.0",
        "@xmpp/resolve": "^0.14.0",
        "@xmpp/resource-binding": "^0.14.0",
        "@xmpp/sasl": "^0.14.0",
        "@xmpp/sasl-anonymous": "^0.14.0",
        "@xmpp/sasl-ht-sha-256-none": "^0.14.0",
        "@xmpp/sasl-plain": "^0.14.0",
        "@xmpp/sasl-scram-sha-1": "^0.14.0",
        "@xmpp/sasl2": "^0.14.0",
        "@xmpp/starttls": "^0.14.0",
        "@xmpp/stream-features": "^0.14.0",
        "@xmpp/stream-management": "^0.14.0",
        "@xmpp/tcp": "^0.14.0",
        "@xmpp/tls": "^0.14.0",
        "@xmpp/websocket": "^0.14.0",
        "saslmechanisms": "^0.1.1"
      },
      "engines": {
        "node": ">= 20.10"
      }
    },
    "node_modules/@xmpp/client-core": {
      "version": "0.14.0",
      "resolved": "https://registry.npmjs.org/@xmpp/client-core/-/client-core-0.14.0.tgz",
      "integrity": "sha512-fW0C6vn4y8Jp1g8uBmCETuOmEDXpjFc/mfY8P0J88nhK2AdPOB5m0ntz0yyAXcPd16smnHVckiOsk9qBjF9dDA==",
      "license": "ISC",
      "dependencies": {
        "@xmpp/connection": "^0.14.0",
        "@xmpp/events": "^0.14.0",
        "@xmpp/jid": "^0.14.0",
        "@xmpp/sasl": "^0.14.0",
        "@xmpp/xml": "^0.14.0",
        "saslmechanisms": "^0.1.1"
      },
      "engines": {
        "node": ">= 20.10"
      }
    },
    "node_modules/@xmpp/connection": {
      "version": "0.14.0",
      "resolved": "https://registry.npmjs.org/@xmpp/connection/-/connection-0.14.0.tgz",
      "integrity": "sha512-VRnukXwiXWCsRVQVISUiAxHHgRWH37nxdUaz50o0+cUAYyqtlHIJ2zy+ZHMlxkEWtl+XciNLxwkJKbypJFQheQ==",
      "license": "ISC",
      "dependencies": {
        "@xmpp/error": "^0.14.0",
        "@xmpp/events": "^0.14.0",
        "@xmpp/jid": "^0.14.0",
        "@xmpp/xml": "^0.14.0"
      },
      "engines": {
        "node": ">= 20.10"
      }
    },
    "node_modules/@xmpp/connection-tcp": {
      "version": "0.14.0",
      "resolved": "https://registry.npmjs.org/@xmpp/connection-tcp/-/connection-tcp-0.14.0.tgz",
      "integrity": "sha512-gvYyUghuCHW0qalEYaZvbHeTnEoXc+hCCWP/qvoVGjjSQNwkYRUsy1/8RP/sA6RlQ2sR0nhpkJkJE6K/4rsFIQ==",
      "license": "ISC",
      "dependencies": {
        "@xmpp/connection": "^0.14.0",
        "@xmpp/xml": "^0.14.0"
      },
      "engines": {
        "node": ">= 20.10"
      }
    },
    "node_modules/@xmpp/error": {
      "version": "0.14.0",
      "resolved": "https://registry.npmjs.org/@xmpp/error/-/error-0.14.0.tgz",
      "integrity": "sha512-b4W/MwAZl8basfmYhcemK3De92xBOiSrIz0VY2cnN2ss1VMsa4d32GuaJGBIpa4ulN/2DFb3vPCeTn5jXvHAJw==",
      "license": "ISC",
      "engines": {
        "node": ">= 20.10"
      }
    },
    "node_modules/@xmpp/events": {
      "version": "0.14.0",
      "resolved": "https://registry.npmjs.org/@xmpp/events/-/events-0.14.0.tgz",
      "integrity": "sha512-6mKRIEi69sYr8H9SrkJKaXobOgCq/sU6/pKTQS5cuQZCy0qLuyx9uttkOyAYmtUbVD+HSrXYS72KhMpdQQh88Q==",
      "license": "ISC",
      "dependencies": {
        "events": "^3.3.0"
      },
      "engines": {
        "node": ">= 20.10"
      }
    },
    "node_modules/@xmpp/id": {
      "version": "0.14.0",
      "resolved": "https://registry.npmjs.org/@xmpp/id/-/id-0.14.0.tgz",
      "integrity": "sha512-0n8OFYPWkBYDi5fHGiJT6SLg9ncOflTmINzjHzt5A3NxEMVrYmqxbRB44u3NLMk1gBNqGtEkc2wl0WHjS0tHWg==",
      "license": "ISC",
      "engines": {
        "node": ">= 20.10"
      }
    },
    "node_modules/@xmpp/iq": {
      "version": "0.14.0",
      "resolved": "https://registry.npmjs.org/@xmpp/iq/-/iq-0.14.0.tgz",
      "integrity": "sha512-0r3QVKR4XAvkZ4shQwPBkSM21sSfj26Cg8+AYBkd0BKJTde7mRQCISBNidt1xiXA5VPH1+6Qx7fmtPzk3uel+Q==",
      "license": "ISC",
      "dependencies": {
        "@xmpp/events": "^0.14.0",
        "@xmpp/id": "^0.14.0",
        "@xmpp/middleware": "^0.14.0",
        "@xmpp/xml": "^0.14.0"
      },
      "engines": {
        "node": ">= 20.10"
      }
    },
    "node_modules/@xmpp/jid": {
      "version": "0.14.0",
      "resolved": "https://registry.npmjs.org/@xmpp/jid/-/jid-0.14.0.tgz",
      "integrity": "sha512-ggiNgjblkeHPbHJ7JLOMIqxc1qQQt0gV+LhXI16afib2wLr120YgvRChY04gjkvQ+IF2sGz7mzPvcAukTmNGHA==",
      "license": "ISC",
      "engines": {
        "node": ">= 20.10"
      }
    },
    "node_modules/@xmpp/middleware": {
      "version": "0.14.0",
      "resolved": "https://registry.npmjs.org/@xmpp/middleware/-/middleware-0.14.0.tgz",
      "integrity": "sha512-UGm7ed5NEMapE/z0jqY5daGSBqto/iciDjtyncoXHZdOnR4iFYFF9gSO/65Z1HsL2pbHQpcK0WS+Kn+FGOxPTw==",
      "license": "ISC",
      "dependencies": {
        "@xmpp/error": "^0.14.0",
        "@xmpp/jid": "^0.14.0",
        "@xmpp/xml": "^0.14.0",
        "koa-compose": "^4.1.0"
      },
      "engines": {
        "node": ">= 20.10"
      }
    },
    "node_modules/@xmpp/reconnect": {
      "version": "0.14.0",
      "resolved": "https://registry.npmjs.org/@xmpp/reconnect/-/reconnect-0.14.0.tgz",
      "integrity": "sha512-XaaT3KrFLf1ZfYZCIx11zauT8bIVXRz9FMaGj4mofq1tC8SiKvIIqJXSgrouhkibb9vPeM9XSiGkH47B/1hc6g==",
      "license": "ISC",
      "dependencies": {
        "@xmpp/events": "^0.14.0"
      },
      "engines": {
        "node": ">= 20.10"
      }
    },
    "node_modules/@xmpp/resolve": {
      "version": "0.14.0",
      "resolved": "https://registry.npmjs.org/@xmpp/resolve/-/resolve-0.14.0.tgz",
      "integrity": "sha512-S4Rhupb2zS4EtT4EFUJLPl2pPSFPfrjp/1bxPil+zBt9sNcbrvIwSNaYeQAAfLD/yYb8/DhaxC/blvdHyM1Xzw==",
      "license": "ISC",
      "dependencies": {
        "@xmpp/events": "^0.14.0",
        "@xmpp/xml": "^0.14.0"
      },
      "engines": {
        "node": ">= 20.10"
      }
    },
    "node_modules/@xmpp/resource-binding": {
      "version": "0.14.0",
      "resolved": "https://registry.npmjs.org/@xmpp/resource-binding/-/resource-binding-0.14.0.tgz",
      "integrity": "sha512-b8EyHUOpkAS25b6cpOQ8fv7cCLfOpJq4dkgs6Td0MdODMmcfWEh38siZKaP0OoNmYWZCxBSANdsBmeidozJxqA==",
      "license": "ISC",
      "dependencies": {
        "@xmpp/xml": "^0.14.0"
      },
      "engines": {
        "node": ">= 20.10"
      }
    },
    "node_modules/@xmpp/sasl": {
      "version": "0.14.0",
      "resolved": "https://registry.npmjs.org/@xmpp/sasl/-/sasl-0.14.0.tgz",
      "integrity": "sha512-C6mWvtRhJCCjv0Q6uuc3FUuDdgUhnX7lCF9afmNT5umy1XB0l1iRmBJYTriSHNBwgErM3i3mydafeRjpuQfP5Q==",
      "license": "ISC",
      "dependencies": {
        "@xmpp/base64": "^0.14.0",
        "@xmpp/error": "^0.14.0",
        "@xmpp/events": "^0.14.0",
        "@xmpp/xml": "^0.14.0"
      },
      "engines": {
        "node": ">= 20.10"
      }
    },
    "node_modules/@xmpp/sasl-anonymous": {
      "version": "0.14.0",
      "resolved": "https://registry.npmjs.org/@xmpp/sasl-anonymous/-/sasl-anonymous-0.14.0.tgz",
      "integrity": "sha512-lZ8jaYuKBpfQ2T5Bv+7yxII9OduV1a+mlNkKtG94WchrVzR8fU6VpbTrez88KajA42ngcVCtiO3i6tPepYyK8Q==",
      "license": "ISC",
      "dependencies": {
        "sasl-anonymous": "^0.1.0"
      },
      "engines": {
        "node": ">= 20.10"
      }
    },
    "node_modules/@xmpp/sasl-ht-sha-256-none": {
      "version": "0.14.0",
      "resolved": "https://registry.npmjs.org/@xmpp/sasl-ht-sha-256-none/-/sasl-ht-sha-256-none-0.14.0.tgz",
      "integrity": "sha512-LmMSzX35bI/V2lV26k/hYPm8Pn7InsBEX72b86+ugIBQpzD8/jmB1F/Mfm5vrbWkMLl2KWe61gE+L/p0mvLZdA==",
      "license": "ISC",
      "engines": {
        "node": ">= 20.10"
      }
    },
    "node_modules/@xmpp/sasl-plain": {
      "version": "0.14.0",
      "resolved": "https://registry.npmjs.org/@xmpp/sasl-plain/-/sasl-plain-0.14.0.tgz",
      "integrity": "sha512-TGQX6gsCi6LP2lPNkkd+HoZ1ynCesRMQrtJrWbDAa6oMyCwie9xuBcG/5lDJ5fn03G7xxRh1YSQp+x8yFK+q4w==",
      "license": "ISC",
      "dependencies": {
        "sasl-plain": "^0.1.0"
      },
      "engines": {
        "node": ">= 20.10"
      }
    },
    "node_modules/@xmpp/sasl-scram-sha-1": {
      "version": "0.14.0",
      "resolved": "https://registry.npmjs.org/@xmpp/sasl-scram-sha-1/-/sasl-scram-sha-1-0.14.0.tgz",
      "integrity": "sha512-0ZrsMDx9Haou2yTCzDCwvMsYPvHCxF2bkpyBuiPoYAOWRsIQH1TssZK3d88N7wSvvojter905DNwLPizdaF3og==",
      "license": "ISC",
      "dependencies": {
        "sasl-scram-sha-1": "^1.3.0"
      },
      "engines": {
        "node": ">= 20.10"
      }
    },
    "node_modules/@xmpp/sasl2": {
      "version": "0.14.0",
      "resolved": "https://registry.npmjs.org/@xmpp/sasl2/-/sasl2-0.14.0.tgz",
      "integrity": "sha512-OcDIDr9xwiOO58yqr6hj0eh9CfKOvwBbNDNhC0wByA07cwOsoojLb1dv3WR7pKk1cETv6wHWQ1o/leRoDB/Yzg==",
      "license": "ISC",
      "dependencies": {
        "@xmpp/base64": "^0.14.0",
        "@xmpp/error": "^0.14.0",
        "@xmpp/events": "^0.14.0",
        "@xmpp/jid": "^0.14.0",
        "@xmpp/sasl": "^0.14.0",
        "@xmpp/xml": "^0.14.0"
      },
      "engines": {
        "node": ">= 14"
      }
    },
    "node_modules/@xmpp/starttls": {
      "version": "0.14.0",
      "resolved": "https://registry.npmjs.org/@xmpp/starttls/-/starttls-0.14.0.tgz",
      "integrity": "sha512-n21Oy5pyD6Cipo96SAVI1ASx/5qo/z3W7J1TWZSG3/gGgrTaCB+VSV0xI+FqRexVJysg3lw3cBidYQL+Lp/pHw==",
      "license": "ISC",
      "dependencies": {
        "@xmpp/events": "^0.14.0",
        "@xmpp/tls": "^0.14.0",
        "@xmpp/xml": "^0.14.0"
      },
      "engines": {
        "node": ">= 20.10"
      }
    },
    "node_modules/@xmpp/stream-features": {
      "version": "0.14.0",
      "resolved": "https://registry.npmjs.org/@xmpp/stream-features/-/stream-features-0.14.0.tgz",
      "integrity": "sha512-XoogP53qv1lzq/TNnzydT0KmmDKsJ7vpbV1c33fcuBDY0LCmPWA2U5th+Atn3JjEMlyznpVDFco9BF1NgFTHzg==",
      "license": "ISC",
      "engines": {
        "node": ">= 20.10"
      }
    },
    "node_modules/@xmpp/stream-management": {
      "version": "0.14.0",
      "resolved": "https://registry.npmjs.org/@xmpp/stream-management/-/stream-management-0.14.0.tgz",
      "integrity": "sha512-i7qLB8KXzLtm2TZXgtVlBprI4Vm8lykJ7Gth2TFavBTky+PQFNr2BH4lGxxvZ7/WkYbhx2jsmDT9JjI7sUCRdw==",
      "license": "ISC",
      "dependencies": {
        "@xmpp/error": "^0.14.0",
        "@xmpp/events": "^0.14.0",
        "@xmpp/time": "^0.14.0",
        "@xmpp/xml": "^0.14.0"
      },
      "engines": {
        "node": ">= 20.10"
      }
    },
    "node_modules/@xmpp/tcp": {
      "version": "0.14.0",
      "resolved": "https://registry.npmjs.org/@xmpp/tcp/-/tcp-0.14.0.tgz",
      "integrity": "sha512-vJb5Y60ub+YClK01l+653+qpIe6vedw/82szuB4IU50eTDTL8voer6eGK7AMJOJzoZzRofbLh8Ow5txAyZ8vXw==",
      "license": "ISC",
      "dependencies": {
        "@xmpp/connection-tcp": "^0.14.0"
      },
      "engines": {
        "node": ">= 20.10"
      }
    },
    "node_modules/@xmpp/time": {
      "version": "0.14.0",
      "resolved": "https://registry.npmjs.org/@xmpp/time/-/time-0.14.0.tgz",
      "integrity": "sha512-KlOLwZXXYrRiIZ+Lg0Rg+iDxIBLfCgVQOkIaYG2nieLVtbrHItI5gv2eI2I6m0cPsX8LajGkCpvQTqUCNZclag==",
      "license": "ISC",
      "engines": {
        "node": ">= 20.10"
      }
    },
    "node_modules/@xmpp/tls": {
      "version": "0.14.0",
      "resolved": "https://registry.npmjs.org/@xmpp/tls/-/tls-0.14.0.tgz",
      "integrity": "sha512-nY/nHlHYgs3i2+xwt/5Ff3J4aCdZADdTOH+NwdfgqBIK9kWDJPW43nnIrbrZgmUL3YOjW5sb1lUI20bFUJACww==",
      "license": "ISC",
      "dependencies": {
        "@xmpp/connection": "^0.14.0",
        "@xmpp/connection-tcp": "^0.14.0",
        "@xmpp/events": "^0.14.0"
      },
      "engines": {
        "node": ">= 20.10"
      }
    },
    "node_modules/@xmpp/websocket": {
      "version": "0.14.0",
      "resolved": "https://registry.npmjs.org/@xmpp/websocket/-/websocket-0.14.0.tgz",
      "integrity": "sha512-mRjpRHtOujrPIT7I/X2xvn8w6X/7J8gGPfGIKNGLJHBQu1OlT5noUd++mslCAcGdCOf5TGwtJvE7a8CPtSnTFg==",
      "license": "ISC",
      "dependencies": {
        "@xmpp/connection": "^0.14.0",
        "@xmpp/events": "^0.14.0",
        "@xmpp/xml": "^0.14.0"
      },
      "engines": {
        "node": ">= 20.10"
      }
    },
    "node_modules/@xmpp/xml": {
      "version": "0.14.0",
      "resolved": "https://registry.npmjs.org/@xmpp/xml/-/xml-0.14.0.tgz",
      "integrity": "sha512-1rrj3SaIM51wtJUn1l2n4FK2e1QLfEmma9bsD1utaaosA8elpCyWi12QDPfaYoTyWSXNvQ7mGzvFevUJUs1mcQ==",
      "license": "ISC",
      "dependencies": {
        "@xmpp/events": "^0.14.0",
        "ltx": "^3.1.2"
      },
      "engines": {
        "node": ">= 20.10"
      }
    },
    "node_modules/events": {
      "version": "3.3.0",
      "resolved": "https://registry.npmjs.org/events/-/events-3.3.0.tgz",
      "integrity": "sha512-mQw+2fkQbALzQ7V0MY0IqdnXNOeTtP4r0lN9z7AAawCXgqea7bDii20AYrIBrFd/Hx0M2Ocz6S111CaFkUcb0Q==",
      "license": "MIT",
      "engines": {
        "node": ">=0.8.x"
      }
    },
    "node_modules/koa-compose": {
      "version": "4.1.0",
      "resolved": "https://registry.npmjs.org/koa-compose/-/koa-compose-4.1.0.tgz",
      "integrity": "sha512-8ODW8TrDuMYvXRwra/Kh7/rJo9BtOfPc6qO8eAfC80CnCvSjSl0bkRM24X6/XBBEyj0v1nRUQ1LyOy3dbqOWXw==",
      "license": "MIT"
    },
    "node_modules/ltx": {
      "version": "3.1.2",
      "resolved": "https://registry.npmjs.org/ltx/-/ltx-3.1.2.tgz",
      "integrity": "sha512-tFSKojN92FqNK6eRTmKK/ROUTUYVWKAxgohz523TPhF1G3nR3DXQS/I7/705rEPrDSloKDgMdRlh0qgMFQoVYw==",
      "license": "MIT",
      "engines": {
        "node": ">= 12.4.0"
      }
    },
    "node_modules/sasl-anonymous": {
      "version": "0.1.0",
      "resolved": "https://registry.npmjs.org/sasl-anonymous/-/sasl-anonymous-0.1.0.tgz",
      "integrity": "sha512-x+0sdsV0Gie2EexxAUsx6ZoB+X6OCthlNBvAQncQxreEWQJByAPntj0EAgTlJc2kZicoc+yFzeR6cl8VfsQGfA==",
      "engines": {
        "node": ">= 0.4.0"
      }
    },
    "node_modules/sasl-plain": {
      "version": "0.1.0",
      "resolved": "https://registry.npmjs.org/sasl-plain/-/sasl-plain-0.1.0.tgz",
      "integrity": "sha512-X8mCSfR8y0NryTu0tuVyr4IS2jBunBgyG+3a0gEEkd0nlHGiyqJhlc4EIkzmSwaa7F8S4yo+LS6Cu5qxRkJrmg==",
      "engines": {
        "node": ">= 0.4.0"
      }
    },
    "node_modules/sasl-scram-sha-1": {
      "version": "1.4.0",
      "resolved": "https://registry.npmjs.org/sasl-scram-sha-1/-/sasl-scram-sha-1-1.4.0.tgz",
      "integrity": "sha512-kdP8uAFkak8flnmKTldWnQ98IuC15ASdKxNHWwbqexRj7szHs7y+JEtigLkPoq9gnp/SAxxU4O2huL8OLqSr9w==",
      "license": "MIT"
    },
    "node_modules/saslmechanisms": {
      "version": "0.1.1",
      "resolved": "https://registry.npmjs.org/saslmechanisms/-/saslmechanisms-0.1.1.tgz",
      "integrity": "sha512-pVlvK5ysevz8MzybRnDIa2YMxn0OJ7b9lDiWhMoaKPoJ7YkAg/7YtNjUgaYzElkwHxsw8dBMhaEn7UP6zxEwPg==",
      "engines": {
        "node": ">= 0.4.0"
      }
    }
  }
}
